
Microsoft Visual Studio Solution File, Format Version 12.00
# Visual Studio Version 17
VisualStudioVersion = 17.6.33815.320
MinimumVisualStudioVersion = 10.0.40219.1
Project("{FAE04EC0-301F-11D3-BF4B-00C04F79EFBC}") = "gotaApi", "gotaApi\gotaApi.csproj", "{DE341406-AA70-4512-B8B1-6E2083F67145}"
EndProject
Project("{FAE04EC0-301F-11D3-BF4B-00C04F79EFBC}") = "data", "data\data.csproj", "{723A215F-6CF2-4D77-97D7-A0D2A1ED898F}"
EndProject
Project("{FAE04EC0-301F-11D3-BF4B-00C04F79EFBC}") = "domain", "domain\domain.csproj", "{237B66AD-AF67-49A0-9886-B7E3456E0DDF}"
EndProject
Global
	GlobalSection(SolutionConfigurationPlatforms) = preSolution
		Debug|Any CPU = Debug|Any CPU
		Release|Any CPU = Release|Any CPU
	EndGlobalSection
	GlobalSection(ProjectConfigurationPlatforms) = postSolution
		{DE341406-AA70-4512-B8B1-6E2083F67145}.Debug|Any CPU.ActiveCfg = Debug|Any CPU
		{DE341406-AA70-4512-B8B1-6E2083F67145}.Debug|Any CPU.Build.0 = Debug|Any CPU
		{DE341406-AA70-4512-B8B1-6E2083F67145}.Release|Any CPU.ActiveCfg = Release|Any CPU
		{DE341406-AA70-4512-B8B1-6E2083F67145}.Release|Any CPU.Build.0 = Release|Any CPU
		{723A215F-6CF2-4D77-97D7-A0D2A1ED898F}.Debug|Any CPU.ActiveCfg = Debug|Any CPU
		{723A215F-6CF2-4D77-97D7-A0D2A1ED898F}.Debug|Any CPU.Build.0 = Debug|Any CPU
		{723A215F-6CF2-4D77-97D7-A0D2A1ED898F}.Release|Any CPU.ActiveCfg = Release|Any CPU
		{723A215F-6CF2-4D77-97D7-A0D2A1ED898F}.Release|Any CPU.Build.0 = Release|Any CPU
		{237B66AD-AF67-49A0-9886-B7E3456E0DDF}.Debug|Any CPU.ActiveCfg = Debug|Any CPU
		{237B66AD-AF67-49A0-9886-B7E3456E0DDF}.Debug|Any CPU.Build.0 = Debug|Any CPU
		{237B66AD-AF67-49A0-9886-B7E3456E0DDF}.Release|Any CPU.ActiveCfg = Release|Any CPU
		{237B66AD-AF67-49A0-9886-B7E3456E0DDF}.Release|Any CPU.Build.0 = Release|Any CPU
	EndGlobalSection
	GlobalSection(SolutionProperties) = preSolution
		HideSolutionNode = FALSE
	EndGlobalSection
	GlobalSection(ExtensibilityGlobals) = postSolution
		SolutionGuid = {4CE389B0-9A8E-4115-8176-1D3168133AFE}
	EndGlobalSection
EndGlobal
